dependencies:
- name: prometheus
  repository: https://kubernetes-charts.storage.googleapis.com/
  version: 9.3.1
- name: grafana
  repository: https://kubernetes-charts.storage.googleapis.com/
  version: 4.0.3
digest: sha256:829c0a11659d20f9a63b7202b2de6a1646f3d1f2557cbc80d7d21c194b52927e
generated: "2019-11-18T09:46:13.71511-08:00"
